
Microsoft Visual Studio Solution File, Format Version 12.00
# Visual Studio Version 16
VisualStudioVersion = 16.0.29613.14
MinimumVisualStudioVersion = 10.0.40219.1
Project("{FAE04EC0-301F-11D3-BF4B-00C04F79EFBC}") = "FlashSpyCore", "FlashSpyCore\FlashSpyCore.csproj", "{6C1689EF-5E32-4AA4-B861-78CA333E0412}"
EndProject
Global
	GlobalSection(SolutionConfigurationPlatforms) = preSolution
		Debug|Any CPU = Debug|Any CPU
		Release|Any CPU = Release|Any CPU
	EndGlobalSection
	GlobalSection(ProjectConfigurationPlatforms) = postSolution
		{6C1689EF-5E32-4AA4-B861-78CA333E0412}.Debug|Any CPU.ActiveCfg = Debug|Any CPU
		{6C1689EF-5E32-4AA4-B861-78CA333E0412}.Debug|Any CPU.Build.0 = Debug|Any CPU
		{6C1689EF-5E32-4AA4-B861-78CA333E0412}.Release|Any CPU.ActiveCfg = Release|Any CPU
		{6C1689EF-5E32-4AA4-B861-78CA333E0412}.Release|Any CPU.Build.0 = Release|Any CPU
	EndGlobalSection
	GlobalSection(SolutionProperties) = preSolution
		HideSolutionNode = FALSE
	EndGlobalSection
	GlobalSection(ExtensibilityGlobals) = postSolution
		SolutionGuid = {965D798E-E54E-4CA0-A842-D38D58DD99B4}
	EndGlobalSection
EndGlobal
